
Microsoft Visual Studio Solution File, Format Version 12.00
# Visual Studio Version 17
VisualStudioVersion = 17.8.34408.163
MinimumVisualStudioVersion = 10.0.40219.1
Project("{FAE04EC0-301F-11D3-BF4B-00C04F79EFBC}") = "IdentityMS-Solution", "IdentityMS-Solution\IdentityMS-Solution.csproj", "{1AF86230-122F-42E1-BDFC-D4D90F01D1F4}"
EndProject
Global
	GlobalSection(SolutionConfigurationPlatforms) = preSolution
		Debug|Any CPU = Debug|Any CPU
		Release|Any CPU = Release|Any CPU
	EndGlobalSection
	GlobalSection(ProjectConfigurationPlatforms) = postSolution
		{1AF86230-122F-42E1-BDFC-D4D90F01D1F4}.Debug|Any CPU.ActiveCfg = Debug|Any CPU
		{1AF86230-122F-42E1-BDFC-D4D90F01D1F4}.Debug|Any CPU.Build.0 = Debug|Any CPU
		{1AF86230-122F-42E1-BDFC-D4D90F01D1F4}.Release|Any CPU.ActiveCfg = Release|Any CPU
		{1AF86230-122F-42E1-BDFC-D4D90F01D1F4}.Release|Any CPU.Build.0 = Release|Any CPU
	EndGlobalSection
	GlobalSection(SolutionProperties) = preSolution
		HideSolutionNode = FALSE
	EndGlobalSection
	GlobalSection(ExtensibilityGlobals) = postSolution
		SolutionGuid = {42330B9A-F3C0-405F-81CF-D3695D2BDD98}
	EndGlobalSection
EndGlobal
