
Microsoft Visual Studio Solution File, Format Version 12.00
# Visual Studio Version 17
VisualStudioVersion = 17.8.34408.163
MinimumVisualStudioVersion = 10.0.40219.1
Project("{FAE04EC0-301F-11D3-BF4B-00C04F79EFBC}") = "BasketService", "BasketService\BasketService.csproj", "{3644EB18-75AF-4840-B63D-619317F24911}"
EndProject
Global
	GlobalSection(SolutionConfigurationPlatforms) = preSolution
		Debug|Any CPU = Debug|Any CPU
		Release|Any CPU = Release|Any CPU
	EndGlobalSection
	GlobalSection(ProjectConfigurationPlatforms) = postSolution
		{3644EB18-75AF-4840-B63D-619317F24911}.Debug|Any CPU.ActiveCfg = Debug|Any CPU
		{3644EB18-75AF-4840-B63D-619317F24911}.Debug|Any CPU.Build.0 = Debug|Any CPU
		{3644EB18-75AF-4840-B63D-619317F24911}.Release|Any CPU.ActiveCfg = Release|Any CPU
		{3644EB18-75AF-4840-B63D-619317F24911}.Release|Any CPU.Build.0 = Release|Any CPU
	EndGlobalSection
	GlobalSection(SolutionProperties) = preSolution
		HideSolutionNode = FALSE
	EndGlobalSection
	GlobalSection(ExtensibilityGlobals) = postSolution
		SolutionGuid = {CBA5B327-84C7-41BE-B678-F16A8C3EC6F1}
	EndGlobalSection
EndGlobal
